
Microsoft Visual Studio Solution File, Format Version 12.00
# Visual Studio Version 17
VisualStudioVersion = 17.2.32516.85
MinimumVisualStudioVersion = 10.0.40219.1
Project("{FAE04EC0-301F-11D3-BF4B-00C04F79EFBC}") = "WebEscuelaMVC", "WebEscuelaMVC\WebEscuelaMVC.csproj", "{C9ABCE60-D625-45D7-A2A8-DA46537BF594}"
EndProject
Global
	GlobalSection(SolutionConfigurationPlatforms) = preSolution
		Debug|Any CPU = Debug|Any CPU
		Release|Any CPU = Release|Any CPU
	EndGlobalSection
	GlobalSection(ProjectConfigurationPlatforms) = postSolution
		{C9ABCE60-D625-45D7-A2A8-DA46537BF594}.Debug|Any CPU.ActiveCfg = Debug|Any CPU
		{C9ABCE60-D625-45D7-A2A8-DA46537BF594}.Debug|Any CPU.Build.0 = Debug|Any CPU
		{C9ABCE60-D625-45D7-A2A8-DA46537BF594}.Release|Any CPU.ActiveCfg = Release|Any CPU
		{C9ABCE60-D625-45D7-A2A8-DA46537BF594}.Release|Any CPU.Build.0 = Release|Any CPU
	EndGlobalSection
	GlobalSection(SolutionProperties) = preSolution
		HideSolutionNode = FALSE
	EndGlobalSection
	GlobalSection(ExtensibilityGlobals) = postSolution
		SolutionGuid = {73672502-B3AA-4DB1-9CBB-40B575D97414}
	EndGlobalSection
EndGlobal
